
Microsoft Visual Studio Solution File, Format Version 12.00
# Visual Studio Version 17
VisualStudioVersion = 17.13.35818.85 d17.13
MinimumVisualStudioVersion = 10.0.40219.1
Project("{FAE04EC0-301F-11D3-BF4B-00C04F79EFBC}") = "BookManagement", "BookManagement\BookManagement.csproj", "{208C8408-708B-42DB-B2DC-497ED8FACAF3}"
EndProject
Global
	GlobalSection(SolutionConfigurationPlatforms) = preSolution
		Debug|Any CPU = Debug|Any CPU
		Release|Any CPU = Release|Any CPU
	EndGlobalSection
	GlobalSection(ProjectConfigurationPlatforms) = postSolution
		{208C8408-708B-42DB-B2DC-497ED8FACAF3}.Debug|Any CPU.ActiveCfg = Debug|Any CPU
		{208C8408-708B-42DB-B2DC-497ED8FACAF3}.Debug|Any CPU.Build.0 = Debug|Any CPU
		{208C8408-708B-42DB-B2DC-497ED8FACAF3}.Release|Any CPU.ActiveCfg = Release|Any CPU
		{208C8408-708B-42DB-B2DC-497ED8FACAF3}.Release|Any CPU.Build.0 = Release|Any CPU
	EndGlobalSection
	GlobalSection(SolutionProperties) = preSolution
		HideSolutionNode = FALSE
	EndGlobalSection
	GlobalSection(ExtensibilityGlobals) = postSolution
		SolutionGuid = {BF956D87-EABB-4396-953D-E4A7C26D7B38}
	EndGlobalSection
EndGlobal
